
Microsoft Visual Studio Solution File, Format Version 12.00
# Visual Studio Version 17
VisualStudioVersion = 17.0.31903.59
MinimumVisualStudioVersion = 10.0.40219.1
Project("{FAE04EC0-301F-11D3-BF4B-00C04F79EFBC}") = "API", "API\API.csproj", "{4CFB012C-A50F-46EB-88A2-E89D680FCC2D}"
EndProject
Project("{FAE04EC0-301F-11D3-BF4B-00C04F79EFBC}") = "Application", "Application\Application.csproj", "{B2D819D6-C0EE-473F-AC23-4A6EA41F9AAD}"
EndProject
Project("{FAE04EC0-301F-11D3-BF4B-00C04F79EFBC}") = "Domain", "Domain\Domain.csproj", "{9F5CF72F-534D-4417-B66D-08872B8EB5B9}"
EndProject
Project("{FAE04EC0-301F-11D3-BF4B-00C04F79EFBC}") = "Persistence", "Persistence\Persistence.csproj", "{04736365-2D2A-4FE7-83B2-17A05FF655AA}"
EndProject
Global
	GlobalSection(SolutionConfigurationPlatforms) = preSolution
		Debug|Any CPU = Debug|Any CPU
		Release|Any CPU = Release|Any CPU
	EndGlobalSection
	GlobalSection(SolutionProperties) = preSolution
		HideSolutionNode = FALSE
	EndGlobalSection
	GlobalSection(ProjectConfigurationPlatforms) = postSolution
		{4CFB012C-A50F-46EB-88A2-E89D680FCC2D}.Debug|Any CPU.ActiveCfg = Debug|Any CPU
		{4CFB012C-A50F-46EB-88A2-E89D680FCC2D}.Debug|Any CPU.Build.0 = Debug|Any CPU
		{4CFB012C-A50F-46EB-88A2-E89D680FCC2D}.Release|Any CPU.ActiveCfg = Release|Any CPU
		{4CFB012C-A50F-46EB-88A2-E89D680FCC2D}.Release|Any CPU.Build.0 = Release|Any CPU
		{B2D819D6-C0EE-473F-AC23-4A6EA41F9AAD}.Debug|Any CPU.ActiveCfg = Debug|Any CPU
		{B2D819D6-C0EE-473F-AC23-4A6EA41F9AAD}.Debug|Any CPU.Build.0 = Debug|Any CPU
		{B2D819D6-C0EE-473F-AC23-4A6EA41F9AAD}.Release|Any CPU.ActiveCfg = Release|Any CPU
		{B2D819D6-C0EE-473F-AC23-4A6EA41F9AAD}.Release|Any CPU.Build.0 = Release|Any CPU
		{9F5CF72F-534D-4417-B66D-08872B8EB5B9}.Debug|Any CPU.ActiveCfg = Debug|Any CPU
		{9F5CF72F-534D-4417-B66D-08872B8EB5B9}.Debug|Any CPU.Build.0 = Debug|Any CPU
		{9F5CF72F-534D-4417-B66D-08872B8EB5B9}.Release|Any CPU.ActiveCfg = Release|Any CPU
		{9F5CF72F-534D-4417-B66D-08872B8EB5B9}.Release|Any CPU.Build.0 = Release|Any CPU
		{04736365-2D2A-4FE7-83B2-17A05FF655AA}.Debug|Any CPU.ActiveCfg = Debug|Any CPU
		{04736365-2D2A-4FE7-83B2-17A05FF655AA}.Debug|Any CPU.Build.0 = Debug|Any CPU
		{04736365-2D2A-4FE7-83B2-17A05FF655AA}.Release|Any CPU.ActiveCfg = Release|Any CPU
		{04736365-2D2A-4FE7-83B2-17A05FF655AA}.Release|Any CPU.Build.0 = Release|Any CPU
	EndGlobalSection
EndGlobal
